{
  "version": 4,
  "terraform_version": "1.9.4",
  "serial": 51,
  "lineage": "87993930-c8ab-7d2b-af75-42865bec9c92",
  "outputs": {},
  "resources": [
    {
      "module": "module.kubernetes",
      "mode": "data",
      "type": "aws_iam_policy_document",
      "name": "assume_workers",
      "provider": "module.kubernetes.provider[\"registry.terraform.io/hashicorp/aws\"]",
      "instances": [
        {
          "schema_version": 0,
          "attributes": {
            "id": "2851119427",
            "json": "{\n  \"Version\": \"2012-10-17\",\n  \"Statement\": [\n    {\n      \"Effect\": \"Allow\",\n      \"Action\": \"sts:AssumeRole\",\n      \"Principal\": {\n        \"Service\": \"ec2.amazonaws.com\"\n      }\n    }\n  ]\n}",
            "minified_json": "{\"Version\":\"2012-10-17\",\"Statement\":[{\"Effect\":\"Allow\",\"Action\":\"sts:AssumeRole\",\"Principal\":{\"Service\":\"ec2.amazonaws.com\"}}]}",
            "override_json": null,
            "override_policy_documents": null,
            "policy_id": null,
            "source_json": null,
            "source_policy_documents": null,
            "statement": [
              {
                "actions": [
                  "sts:AssumeRole"
                ],
                "condition": [],
                "effect": "Allow",
                "not_actions": [],
                "not_principals": [],
                "not_resources": [],
                "principals": [
                  {
                    "identifiers": [
                      "ec2.amazonaws.com"
                    ],
                    "type": "Service"
                  }
                ],
                "resources": [],
                "sid": ""
              }
            ],
            "version": "2012-10-17"
          },
          "sensitive_attributes": []
        }
      ]
    },
    {
      "module": "module.kubernetes",
      "mode": "managed",
      "type": "aws_eks_cluster",
      "name": "this",
      "provider": "module.kubernetes.provider[\"registry.terraform.io/hashicorp/aws\"]",
      "instances": [
        {
          "schema_version": 1,
          "attributes": {
            "access_config": [
              {
                "authentication_mode": "CONFIG_MAP",
                "bootstrap_cluster_creator_admin_permissions": true
              }
            ],
            "arn": "arn:aws:eks:us-east-1:871548798187:cluster/travel-guide-eks-cluster",
            "bootstrap_self_managed_addons": true,
            "certificate_authority": [
              {
                "data": "LS0tLS1CRUdJTiBDRVJUSUZJQ0FURS0tLS0tCk1JSURCVENDQWUyZ0F3SUJBZ0lJVVB5NTNJcUdJUVV3RFFZSktvWklodmNOQVFFTEJRQXdGVEVUTUJFR0ExVUUKQXhNS2EzVmlaWEp1WlhSbGN6QWVGdzB5TkRBNE1UTXhPRE13TXpKYUZ3MHpOREE0TVRFeE9ETTFNekphTUJVeApFekFSQmdOVkJBTVRDbXQxWW1WeWJtVjBaWE13Z2dFaU1BMEdDU3FHU0liM0RRRUJBUVVBQTRJQkR3QXdnZ0VLCkFvSUJBUUM3aUFEam5UOXpwT2FoWVNVczhoOGhWMktyUDZ1OVA3TktYVHR2b2toU29aS0FMbHNaNWRGMG1JZ08KRm9LdTZpNzJkdTVBcHpycHlhNWFORWY4NnJJdUc0Z2tySDRrQkZBMWx3ejdaZTlTSy92cGZjN2lQdS9Ld09DdwpySlZvckRZNDMwS2ZMcWp6T0xRMFhicmRWUXFsT0VBSzUxYzBhYzN4WU5ZbFY1L1ZRckM0WkI1RnA4M2I4WFlQCldxTDNpYVhVSDBDQXgrQXh5cW05RGtOOFM2aytrYmJvc3B6VG1jUEpXTkNoSTBiRjRLRjErM2s0SFBJQW9IR2UKTmgwTTVhbWJESVFzZklCekhQclJKRXFqd1Z0eXBFYkliR2VROVVXN2hjcEtKYzFWUjZFM0xod3JsYzlndzZhagpwUVdpQmloWVdKa1VFT0t6NWlOWHlJSnd0dURIQWdNQkFBR2pXVEJYTUE0R0ExVWREd0VCL3dRRUF3SUNwREFQCkJnTlZIUk1CQWY4RUJUQURBUUgvTUIwR0ExVWREZ1FXQkJRQ0NDVDhlSFZhU0p0b3hGUTZyTmRNRVJUWlhUQVYKQmdOVkhSRUVEakFNZ2dwcmRXSmxjbTVsZEdWek1BMEdDU3FHU0liM0RRRUJDd1VBQTRJQkFRQnlXLzU4Kzh5TgpJNEZiMm85VngwOEF1V2thN2RaRm5kMWRqamlybTVLUW5FZFV1bVhBRXhNcURLQmcwKzg3eUlkU2lhOHlUQjY1CnQ1TlpqM0NkZDBuTmwzSU1uZ1RucWhodGtmUGJVTjFUajQwOHF0dXlEZmVxaW9iNmRCak4wcXRvYlVQaDEzUmMKUWhwTmlrUnJlbmFzZkk1VnIxTHI0Qnh5QVpxSExTRlVvMTY2ejRjLysyRExuak9GUThDSEt3U2liTzdYSXhtSQo4OGZVZ1ZRVG5IQ1FFM3JFYjlsNHZaQldCUzdyNEx2UFVNUE92Y0dJMHFZNkJQOXdrVHpjUGt4ek9ZdHZESldlCmI0OWdBTTRTU1IrNStQY0xaWHY1d3JFc09NOUtPTDVEaWRCaHpXenN4K3NxUkNudnVoc2YrVDI3ZXd2Vy9BTjgKYXNqV2JNSlRKV2kyCi0tLS0tRU5EIENFUlRJRklDQVRFLS0tLS0K"
              }
            ],
            "cluster_id": null,
            "created_at": "2024-08-13 18:30:01.351 +0000 UTC",
            "enabled_cluster_log_types": [],
            "encryption_config": [],
            "endpoint": "https://A33CD0F9A9A7F63D0ED3525A358304AF.gr7.us-east-1.eks.amazonaws.com",
            "id": "travel-guide-eks-cluster",
            "identity": [
              {
                "oidc": [
                  {
                    "issuer": "https://oidc.eks.us-east-1.amazonaws.com/id/A33CD0F9A9A7F63D0ED3525A358304AF"
                  }
                ]
              }
            ],
            "kubernetes_network_config": [
              {
                "ip_family": "ipv4",
                "service_ipv4_cidr": "172.20.0.0/16",
                "service_ipv6_cidr": ""
              }
            ],
            "name": "travel-guide-eks-cluster",
            "outpost_config": [],
            "platform_version": "eks.6",
            "role_arn": "arn:aws:iam::871548798187:role/travel-guide-eks-cluster-eks-cluster-role",
            "status": "ACTIVE",
            "tags": {
              "Deployment Type": "terraform",
              "Env": "dev",
              "Name": "travel-guide-eks-cluster",
              "Project Name": "travel guide",
              "Project Owner": "Cezary Trojanowski"
            },
            "tags_all": {
              "Deployment Type": "terraform",
              "Env": "dev",
              "Name": "travel-guide-eks-cluster",
              "Project Name": "travel guide",
              "Project Owner": "Cezary Trojanowski"
            },
            "timeouts": null,
            "upgrade_policy": [
              {
                "support_type": "EXTENDED"
              }
            ],
            "version": "1.30",
            "vpc_config": [
              {
                "cluster_security_group_id": "sg-0d723c243c68f867a",
                "endpoint_private_access": true,
                "endpoint_public_access": false,
                "public_access_cidrs": [],
                "security_group_ids": [
                  "sg-05fcc68de294d3688"
                ],
                "subnet_ids": [
                  "subnet-021e864a1ea045eab",
                  "subnet-045eaea25a5cbccce",
                  "subnet-07c18760caef9027c",
                  "subnet-0f3fcc9b9773d7796"
                ],
                "vpc_id": "vpc-052fff5dfc9344e6e"
              }
            ]
          },
          "sensitive_attributes": [],
          "private": "eyJlMmJmYjczMC1lY2FhLTExZTYtOGY4OC0zNDM2M2JjN2M0YzAiOnsiY3JlYXRlIjoxODAwMDAwMDAwMDAwLCJkZWxldGUiOjkwMDAwMDAwMDAwMCwidXBkYXRlIjozNjAwMDAwMDAwMDAwfSwic2NoZW1hX3ZlcnNpb24iOiIxIn0=",
          "dependencies": [
            "module.kubernetes.aws_iam_policy.eks_cluster_role_policy",
            "module.kubernetes.aws_iam_role.eks_cluster_role",
            "module.kubernetes.aws_iam_role_policy_attachment.eks_cluster_role_policy_attachment",
            "module.kubernetes.aws_security_group.eks_cluster",
            "module.networking.aws_subnet.private",
            "module.networking.aws_subnet.public",
            "module.networking.aws_vpc.this",
            "module.networking.data.aws_availability_zones.available"
          ]
        }
      ]
    },
    {
      "module": "module.kubernetes",
      "mode": "managed",
      "type": "aws_eks_node_group",
      "name": "main",
      "provider": "module.kubernetes.provider[\"registry.terraform.io/hashicorp/aws\"]",
      "instances": [
        {
          "schema_version": 0,
          "attributes": {
            "ami_type": "AL2_x86_64",
            "arn": "arn:aws:eks:us-east-1:871548798187:nodegroup/travel-guide-eks-cluster/travel-guide-node-group/14c8a68a-9d4b-3f68-4636-3866e27562fb",
            "capacity_type": "ON_DEMAND",
            "cluster_name": "travel-guide-eks-cluster",
            "disk_size": 20,
            "force_update_version": null,
            "id": "travel-guide-eks-cluster:travel-guide-node-group",
            "instance_types": [
              "t3.medium"
            ],
            "labels": null,
            "launch_template": [],
            "node_group_name": "travel-guide-node-group",
            "node_group_name_prefix": "",
            "node_role_arn": "arn:aws:iam::871548798187:role/travel-guide-eks-cluster-worker",
            "release_version": "1.30.2-20240807",
            "remote_access": [],
            "resources": [
              {
                "autoscaling_groups": [
                  {
                    "name": "eks-travel-guide-node-group-14c8a68a-9d4b-3f68-4636-3866e27562fb"
                  }
                ],
                "remote_access_security_group_id": ""
              }
            ],
            "scaling_config": [
              {
                "desired_size": 2,
                "max_size": 2,
                "min_size": 1
              }
            ],
            "status": "ACTIVE",
            "subnet_ids": [
              "subnet-021e864a1ea045eab",
              "subnet-045eaea25a5cbccce"
            ],
            "tags": {
              "Deployment Type": "terraform",
              "Env": "dev",
              "Name": "travel-guide-eks-cluster-node-group",
              "Project Name": "travel guide",
              "Project Owner": "Cezary Trojanowski"
            },
            "tags_all": {
              "Deployment Type": "terraform",
              "Env": "dev",
              "Name": "travel-guide-eks-cluster-node-group",
              "Project Name": "travel guide",
              "Project Owner": "Cezary Trojanowski"
            },
            "taint": [],
            "timeouts": null,
            "update_config": [
              {
                "max_unavailable": 1,
                "max_unavailable_percentage": 0
              }
            ],
            "version": "1.30"
          },
          "sensitive_attributes": [],
          "private": "eyJlMmJmYjczMC1lY2FhLTExZTYtOGY4OC0zNDM2M2JjN2M0YzAiOnsiY3JlYXRlIjozNjAwMDAwMDAwMDAwLCJkZWxldGUiOjM2MDAwMDAwMDAwMDAsInVwZGF0ZSI6MzYwMDAwMDAwMDAwMH19",
          "dependencies": [
            "module.kubernetes.aws_eks_cluster.this",
            "module.kubernetes.aws_iam_policy.eks_cluster_role_policy",
            "module.kubernetes.aws_iam_role.eks_cluster_role",
            "module.kubernetes.aws_iam_role.eks_nodes",
            "module.kubernetes.aws_iam_role_policy_attachment.aws_eks_cni_policy",
            "module.kubernetes.aws_iam_role_policy_attachment.aws_eks_worker_node_policy",
            "module.kubernetes.aws_iam_role_policy_attachment.ec2_read_only",
            "module.kubernetes.aws_iam_role_policy_attachment.eks_cluster_role_policy_attachment",
            "module.kubernetes.aws_security_group.eks_cluster",
            "module.kubernetes.data.aws_iam_policy_document.assume_workers",
            "module.networking.aws_subnet.private",
            "module.networking.aws_subnet.public",
            "module.networking.aws_vpc.this",
            "module.networking.data.aws_availability_zones.available"
          ]
        }
      ]
    },
    {
      "module": "module.kubernetes",
      "mode": "managed",
      "type": "aws_eks_node_group",
      "name": "public",
      "provider": "module.kubernetes.provider[\"registry.terraform.io/hashicorp/aws\"]",
      "instances": [
        {
          "schema_version": 0,
          "attributes": {
            "ami_type": "AL2_x86_64",
            "arn": "arn:aws:eks:us-east-1:871548798187:nodegroup/travel-guide-eks-cluster/travel-guide-node-group-public/e0c8a68a-9d51-eb10-21d5-39ed2c6fdeb4",
            "capacity_type": "ON_DEMAND",
            "cluster_name": "travel-guide-eks-cluster",
            "disk_size": 20,
            "force_update_version": null,
            "id": "travel-guide-eks-cluster:travel-guide-node-group-public",
            "instance_types": [
              "t3.medium"
            ],
            "labels": null,
            "launch_template": [],
            "node_group_name": "travel-guide-node-group-public",
            "node_group_name_prefix": "",
            "node_role_arn": "arn:aws:iam::871548798187:role/travel-guide-eks-cluster-worker",
            "release_version": "1.30.2-20240807",
            "remote_access": [],
            "resources": [
              {
                "autoscaling_groups": [
                  {
                    "name": "eks-travel-guide-node-group-public-e0c8a68a-9d51-eb10-21d5-39ed2c6fdeb4"
                  }
                ],
                "remote_access_security_group_id": ""
              }
            ],
            "scaling_config": [
              {
                "desired_size": 2,
                "max_size": 2,
                "min_size": 1
              }
            ],
            "status": "ACTIVE",
            "subnet_ids": [
              "subnet-07c18760caef9027c",
              "subnet-0f3fcc9b9773d7796"
            ],
            "tags": {
              "Deployment Type": "terraform",
              "Env": "dev",
              "Name": "travel-guide-eks-cluster-node-group-public",
              "Project Name": "travel guide",
              "Project Owner": "Cezary Trojanowski"
            },
            "tags_all": {
              "Deployment Type": "terraform",
              "Env": "dev",
              "Name": "travel-guide-eks-cluster-node-group-public",
              "Project Name": "travel guide",
              "Project Owner": "Cezary Trojanowski"
            },
            "taint": [],
            "timeouts": null,
            "update_config": [
              {
                "max_unavailable": 1,
                "max_unavailable_percentage": 0
              }
            ],
            "version": "1.30"
          },
          "sensitive_attributes": [],
          "private": "eyJlMmJmYjczMC1lY2FhLTExZTYtOGY4OC0zNDM2M2JjN2M0YzAiOnsiY3JlYXRlIjozNjAwMDAwMDAwMDAwLCJkZWxldGUiOjM2MDAwMDAwMDAwMDAsInVwZGF0ZSI6MzYwMDAwMDAwMDAwMH19",
          "dependencies": [
            "module.kubernetes.aws_eks_cluster.this",
            "module.kubernetes.aws_iam_policy.eks_cluster_role_policy",
            "module.kubernetes.aws_iam_role.eks_cluster_role",
            "module.kubernetes.aws_iam_role.eks_nodes",
            "module.kubernetes.aws_iam_role_policy_attachment.aws_eks_cni_policy",
            "module.kubernetes.aws_iam_role_policy_attachment.aws_eks_worker_node_policy",
            "module.kubernetes.aws_iam_role_policy_attachment.ec2_read_only",
            "module.kubernetes.aws_iam_role_policy_attachment.eks_cluster_role_policy_attachment",
            "module.kubernetes.aws_security_group.eks_cluster",
            "module.kubernetes.data.aws_iam_policy_document.assume_workers",
            "module.networking.aws_subnet.private",
            "module.networking.aws_subnet.public",
            "module.networking.aws_vpc.this",
            "module.networking.data.aws_availability_zones.available"
          ]
        }
      ]
    },
    {
      "module": "module.kubernetes",
      "mode": "managed",
      "type": "aws_iam_policy",
      "name": "eks_cluster_role_policy",
      "provider": "module.kubernetes.provider[\"registry.terraform.io/hashicorp/aws\"]",
      "instances": [
        {
          "schema_version": 0,
          "attributes": {
            "arn": "arn:aws:iam::871548798187:policy/travel-guide-eks-cluster-eks-cluster-role-policy",
            "attachment_count": 1,
            "description": "A policy that allows EC2 tagging and various describe actions.",
            "id": "arn:aws:iam::871548798187:policy/travel-guide-eks-cluster-eks-cluster-role-policy",
            "name": "travel-guide-eks-cluster-eks-cluster-role-policy",
            "name_prefix": "",
            "path": "/",
            "policy": "{\"Statement\":[{\"Action\":[\"ec2:CreateTags\"],\"Condition\":{\"ForAnyValue:StringLike\":{\"aws:TagKeys\":\"kubernetes.io/cluster/*\"}},\"Effect\":\"Allow\",\"Resource\":\"arn:aws:ec2:*:*:instance/*\"},{\"Action\":[\"ec2:DescribeInstances\",\"ec2:DescribeNetworkInterfaces\",\"ec2:DescribeVpcs\",\"ec2:DescribeDhcpOptions\",\"ec2:DescribeAvailabilityZones\",\"kms:DescribeKey\"],\"Effect\":\"Allow\",\"Resource\":\"*\"}],\"Version\":\"2012-10-17\"}",
            "policy_id": "ANPA4V3C3ITVZAWUTJ4YL",
            "tags": {},
            "tags_all": {}
          },
          "sensitive_attributes": [],
          "private": "bnVsbA=="
        }
      ]
    },
    {
      "module": "module.kubernetes",
      "mode": "managed",
      "type": "aws_iam_role",
      "name": "eks_cluster_role",
      "provider": "module.kubernetes.provider[\"registry.terraform.io/hashicorp/aws\"]",
      "instances": [
        {
          "schema_version": 0,
          "attributes": {
            "arn": "arn:aws:iam::871548798187:role/travel-guide-eks-cluster-eks-cluster-role",
            "assume_role_policy": "{\"Statement\":[{\"Action\":\"sts:AssumeRole\",\"Effect\":\"Allow\",\"Principal\":{\"Service\":[\"ec2.amazonaws.com\",\"eks.amazonaws.com\"]}}],\"Version\":\"2012-10-17\"}",
            "create_date": "2024-08-13T18:18:26Z",
            "description": "",
            "force_detach_policies": false,
            "id": "travel-guide-eks-cluster-eks-cluster-role",
            "inline_policy": [],
            "managed_policy_arns": [
              "arn:aws:iam::871548798187:policy/travel-guide-eks-cluster-eks-cluster-role-policy"
            ],
            "max_session_duration": 3600,
            "name": "travel-guide-eks-cluster-eks-cluster-role",
            "name_prefix": "",
            "path": "/",
            "permissions_boundary": "",
            "tags": {},
            "tags_all": {},
            "unique_id": "AROA4V3C3ITV6APDF7FR3"
          },
          "sensitive_attributes": [],
          "private": "bnVsbA=="
        }
      ]
    },
    {
      "module": "module.kubernetes",
      "mode": "managed",
      "type": "aws_iam_role",
      "name": "eks_nodes",
      "provider": "module.kubernetes.provider[\"registry.terraform.io/hashicorp/aws\"]",
      "instances": [
        {
          "schema_version": 0,
          "attributes": {
            "arn": "arn:aws:iam::871548798187:role/travel-guide-eks-cluster-worker",
            "assume_role_policy": "{\"Statement\":[{\"Action\":\"sts:AssumeRole\",\"Effect\":\"Allow\",\"Principal\":{\"Service\":\"ec2.amazonaws.com\"}}],\"Version\":\"2012-10-17\"}",
            "create_date": "2024-08-13T18:18:26Z",
            "description": "",
            "force_detach_policies": false,
            "id": "travel-guide-eks-cluster-worker",
            "inline_policy": [],
            "managed_policy_arns": [
              "arn:aws:iam::aws:policy/AmazonEC2ContainerRegistryReadOnly",
              "arn:aws:iam::aws:policy/AmazonEKSWorkerNodePolicy",
              "arn:aws:iam::aws:policy/AmazonEKS_CNI_Policy"
            ],
            "max_session_duration": 3600,
            "name": "travel-guide-eks-cluster-worker",
            "name_prefix": "",
            "path": "/",
            "permissions_boundary": "",
            "tags": {},
            "tags_all": {},
            "unique_id": "AROA4V3C3ITV4BJJBTBCZ"
          },
          "sensitive_attributes": [],
          "private": "bnVsbA==",
          "dependencies": [
            "module.kubernetes.data.aws_iam_policy_document.assume_workers"
          ]
        }
      ]
    },
    {
      "module": "module.kubernetes",
      "mode": "managed",
      "type": "aws_iam_role_policy_attachment",
      "name": "aws_eks_cni_policy",
      "provider": "module.kubernetes.provider[\"registry.terraform.io/hashicorp/aws\"]",
      "instances": [
        {
          "schema_version": 0,
          "attributes": {
            "id": "travel-guide-eks-cluster-worker-20240813181827549800000002",
            "policy_arn": "arn:aws:iam::aws:policy/AmazonEKS_CNI_Policy",
            "role": "travel-guide-eks-cluster-worker"
          },
          "sensitive_attributes": [],
          "private": "bnVsbA==",
          "dependencies": [
            "module.kubernetes.aws_iam_role.eks_nodes",
            "module.kubernetes.data.aws_iam_policy_document.assume_workers"
          ]
        }
      ]
    },
    {
      "module": "module.kubernetes",
      "mode": "managed",
      "type": "aws_iam_role_policy_attachment",
      "name": "aws_eks_worker_node_policy",
      "provider": "module.kubernetes.provider[\"registry.terraform.io/hashicorp/aws\"]",
      "instances": [
        {
          "schema_version": 0,
          "attributes": {
            "id": "travel-guide-eks-cluster-worker-20240813181827769000000004",
            "policy_arn": "arn:aws:iam::aws:policy/AmazonEKSWorkerNodePolicy",
            "role": "travel-guide-eks-cluster-worker"
          },
          "sensitive_attributes": [],
          "private": "bnVsbA==",
          "dependencies": [
            "module.kubernetes.aws_iam_role.eks_nodes",
            "module.kubernetes.data.aws_iam_policy_document.assume_workers"
          ]
        }
      ]
    },
    {
      "module": "module.kubernetes",
      "mode": "managed",
      "type": "aws_iam_role_policy_attachment",
      "name": "ec2_read_only",
      "provider": "module.kubernetes.provider[\"registry.terraform.io/hashicorp/aws\"]",
      "instances": [
        {
          "schema_version": 0,
          "attributes": {
            "id": "travel-guide-eks-cluster-worker-20240813181827609900000003",
            "policy_arn": "arn:aws:iam::aws:policy/AmazonEC2ContainerRegistryReadOnly",
            "role": "travel-guide-eks-cluster-worker"
          },
          "sensitive_attributes": [],
          "private": "bnVsbA==",
          "dependencies": [
            "module.kubernetes.aws_iam_role.eks_nodes",
            "module.kubernetes.data.aws_iam_policy_document.assume_workers"
          ]
        }
      ]
    },
    {
      "module": "module.kubernetes",
      "mode": "managed",
      "type": "aws_iam_role_policy_attachment",
      "name": "eks_cluster_role_policy_attachment",
      "provider": "module.kubernetes.provider[\"registry.terraform.io/hashicorp/aws\"]",
      "instances": [
        {
          "schema_version": 0,
          "attributes": {
            "id": "travel-guide-eks-cluster-eks-cluster-role-20240813181827537300000001",
            "policy_arn": "arn:aws:iam::871548798187:policy/travel-guide-eks-cluster-eks-cluster-role-policy",
            "role": "travel-guide-eks-cluster-eks-cluster-role"
          },
          "sensitive_attributes": [],
          "private": "bnVsbA==",
          "dependencies": [
            "module.kubernetes.aws_iam_policy.eks_cluster_role_policy",
            "module.kubernetes.aws_iam_role.eks_cluster_role"
          ]
        }
      ]
    },
    {
      "module": "module.kubernetes",
      "mode": "managed",
      "type": "aws_security_group",
      "name": "eks_cluster",
      "provider": "module.kubernetes.provider[\"registry.terraform.io/hashicorp/aws\"]",
      "instances": [
        {
          "schema_version": 1,
          "attributes": {
            "arn": "arn:aws:ec2:us-east-1:871548798187:security-group/sg-05fcc68de294d3688",
            "description": "Cluster communication with worker nodes",
            "egress": [
              {
                "cidr_blocks": [],
                "description": "Allow cluster API Server to communicate with the worker nodes",
                "from_port": 1024,
                "ipv6_cidr_blocks": [],
                "prefix_list_ids": [],
                "protocol": "tcp",
                "security_groups": [
                  "sg-09c70d45a6d3f894e"
                ],
                "self": false,
                "to_port": 65535
              }
            ],
            "id": "sg-05fcc68de294d3688",
            "ingress": [
              {
                "cidr_blocks": [],
                "description": "Allow worker nodes to communicate with the cluster API Server",
                "from_port": 443,
                "ipv6_cidr_blocks": [],
                "prefix_list_ids": [],
                "protocol": "tcp",
                "security_groups": [
                  "sg-09c70d45a6d3f894e"
                ],
                "self": false,
                "to_port": 443
              }
            ],
            "name": "travel-guide-eks-cluster-eks-cluster-sg",
            "name_prefix": "",
            "owner_id": "871548798187",
            "revoke_rules_on_delete": false,
            "tags": {
              "Deployment Type": "terraform",
              "Env": "dev",
              "Name": "travel-guide-eks-cluster-sg",
              "Project Name": "travel guide",
              "Project Owner": "Cezary Trojanowski"
            },
            "tags_all": {
              "Deployment Type": "terraform",
              "Env": "dev",
              "Name": "travel-guide-eks-cluster-sg",
              "Project Name": "travel guide",
              "Project Owner": "Cezary Trojanowski"
            },
            "timeouts": null,
            "vpc_id": "vpc-052fff5dfc9344e6e"
          },
          "sensitive_attributes": [],
          "private": "eyJlMmJmYjczMC1lY2FhLTExZTYtOGY4OC0zNDM2M2JjN2M0YzAiOnsiY3JlYXRlIjo2MDAwMDAwMDAwMDAsImRlbGV0ZSI6OTAwMDAwMDAwMDAwfSwic2NoZW1hX3ZlcnNpb24iOiIxIn0=",
          "dependencies": [
            "module.networking.aws_vpc.this"
          ]
        }
      ]
    },
    {
      "module": "module.kubernetes",
      "mode": "managed",
      "type": "aws_security_group",
      "name": "eks_nodes",
      "provider": "module.kubernetes.provider[\"registry.terraform.io/hashicorp/aws\"]",
      "instances": [
        {
          "schema_version": 1,
          "attributes": {
            "arn": "arn:aws:ec2:us-east-1:871548798187:security-group/sg-09c70d45a6d3f894e",
            "description": "Security group for all nodes in the cluster",
            "egress": [
              {
                "cidr_blocks": [
                  "0.0.0.0/0"
                ],
                "description": "",
                "from_port": 0,
                "ipv6_cidr_blocks": [],
                "prefix_list_ids": [],
                "protocol": "-1",
                "security_groups": [],
                "self": false,
                "to_port": 0
              }
            ],
            "id": "sg-09c70d45a6d3f894e",
            "ingress": [
              {
                "cidr_blocks": [],
                "description": "Allow nodes to communicate with each other",
                "from_port": 0,
                "ipv6_cidr_blocks": [],
                "prefix_list_ids": [],
                "protocol": "-1",
                "security_groups": [],
                "self": true,
                "to_port": 0
              },
              {
                "cidr_blocks": [],
                "description": "Allow worker Kubelets and pods to receive communication from the cluster control plane",
                "from_port": 1025,
                "ipv6_cidr_blocks": [],
                "prefix_list_ids": [],
                "protocol": "tcp",
                "security_groups": [
                  "sg-05fcc68de294d3688"
                ],
                "self": false,
                "to_port": 65535
              }
            ],
            "name": "travel-guide-node-group-eks-nodes-sg",
            "name_prefix": "",
            "owner_id": "871548798187",
            "revoke_rules_on_delete": false,
            "tags": {
              "Deployment Type": "terraform",
              "Env": "dev",
              "Name": "travel-guide-eks-nodes-sg",
              "Project Name": "travel guide",
              "Project Owner": "Cezary Trojanowski"
            },
            "tags_all": {
              "Deployment Type": "terraform",
              "Env": "dev",
              "Name": "travel-guide-eks-nodes-sg",
              "Project Name": "travel guide",
              "Project Owner": "Cezary Trojanowski"
            },
            "timeouts": null,
            "vpc_id": "vpc-052fff5dfc9344e6e"
          },
          "sensitive_attributes": [],
          "private": "eyJlMmJmYjczMC1lY2FhLTExZTYtOGY4OC0zNDM2M2JjN2M0YzAiOnsiY3JlYXRlIjo2MDAwMDAwMDAwMDAsImRlbGV0ZSI6OTAwMDAwMDAwMDAwfSwic2NoZW1hX3ZlcnNpb24iOiIxIn0=",
          "dependencies": [
            "module.networking.aws_vpc.this"
          ]
        }
      ]
    },
    {
      "module": "module.kubernetes",
      "mode": "managed",
      "type": "aws_security_group_rule",
      "name": "cluster_inbound",
      "provider": "module.kubernetes.provider[\"registry.terraform.io/hashicorp/aws\"]",
      "instances": [
        {
          "schema_version": 2,
          "attributes": {
            "cidr_blocks": null,
            "description": "Allow worker nodes to communicate with the cluster API Server",
            "from_port": 443,
            "id": "sgrule-2669351523",
            "ipv6_cidr_blocks": null,
            "prefix_list_ids": null,
            "protocol": "tcp",
            "security_group_id": "sg-05fcc68de294d3688",
            "security_group_rule_id": "sgr-0fe09f165eb6fc5d5",
            "self": false,
            "source_security_group_id": "sg-09c70d45a6d3f894e",
            "timeouts": null,
            "to_port": 443,
            "type": "ingress"
          },
          "sensitive_attributes": [],
          "private": "eyJlMmJmYjczMC1lY2FhLTExZTYtOGY4OC0zNDM2M2JjN2M0YzAiOnsiY3JlYXRlIjozMDAwMDAwMDAwMDB9LCJzY2hlbWFfdmVyc2lvbiI6IjIifQ==",
          "dependencies": [
            "module.kubernetes.aws_security_group.eks_cluster",
            "module.kubernetes.aws_security_group.eks_nodes",
            "module.networking.aws_vpc.this"
          ]
        }
      ]
    },
    {
      "module": "module.kubernetes",
      "mode": "managed",
      "type": "aws_security_group_rule",
      "name": "cluster_outbound",
      "provider": "module.kubernetes.provider[\"registry.terraform.io/hashicorp/aws\"]",
      "instances": [
        {
          "schema_version": 2,
          "attributes": {
            "cidr_blocks": null,
            "description": "Allow cluster API Server to communicate with the worker nodes",
            "from_port": 1024,
            "id": "sgrule-1354538119",
            "ipv6_cidr_blocks": null,
            "prefix_list_ids": null,
            "protocol": "tcp",
            "security_group_id": "sg-05fcc68de294d3688",
            "security_group_rule_id": "sgr-0cd628db39ce292aa",
            "self": false,
            "source_security_group_id": "sg-09c70d45a6d3f894e",
            "timeouts": null,
            "to_port": 65535,
            "type": "egress"
          },
          "sensitive_attributes": [],
          "private": "eyJlMmJmYjczMC1lY2FhLTExZTYtOGY4OC0zNDM2M2JjN2M0YzAiOnsiY3JlYXRlIjozMDAwMDAwMDAwMDB9LCJzY2hlbWFfdmVyc2lvbiI6IjIifQ==",
          "dependencies": [
            "module.kubernetes.aws_security_group.eks_cluster",
            "module.kubernetes.aws_security_group.eks_nodes",
            "module.networking.aws_vpc.this"
          ]
        }
      ]
    },
    {
      "module": "module.kubernetes",
      "mode": "managed",
      "type": "aws_security_group_rule",
      "name": "nodes",
      "provider": "module.kubernetes.provider[\"registry.terraform.io/hashicorp/aws\"]",
      "instances": [
        {
          "schema_version": 2,
          "attributes": {
            "cidr_blocks": null,
            "description": "Allow nodes to communicate with each other",
            "from_port": 0,
            "id": "sgrule-200991410",
            "ipv6_cidr_blocks": null,
            "prefix_list_ids": null,
            "protocol": "-1",
            "security_group_id": "sg-09c70d45a6d3f894e",
            "security_group_rule_id": "sgr-01061f57f54624905",
            "self": false,
            "source_security_group_id": "sg-09c70d45a6d3f894e",
            "timeouts": null,
            "to_port": 0,
            "type": "ingress"
          },
          "sensitive_attributes": [],
          "private": "eyJlMmJmYjczMC1lY2FhLTExZTYtOGY4OC0zNDM2M2JjN2M0YzAiOnsiY3JlYXRlIjozMDAwMDAwMDAwMDB9LCJzY2hlbWFfdmVyc2lvbiI6IjIifQ==",
          "dependencies": [
            "module.kubernetes.aws_security_group.eks_nodes",
            "module.networking.aws_vpc.this"
          ]
        }
      ]
    },
    {
      "module": "module.kubernetes",
      "mode": "managed",
      "type": "aws_security_group_rule",
      "name": "nodes_inbound",
      "provider": "module.kubernetes.provider[\"registry.terraform.io/hashicorp/aws\"]",
      "instances": [
        {
          "schema_version": 2,
          "attributes": {
            "cidr_blocks": null,
            "description": "Allow worker Kubelets and pods to receive communication from the cluster control plane",
            "from_port": 1025,
            "id": "sgrule-2423487602",
            "ipv6_cidr_blocks": null,
            "prefix_list_ids": null,
            "protocol": "tcp",
            "security_group_id": "sg-09c70d45a6d3f894e",
            "security_group_rule_id": "sgr-0c46018eebb518b41",
            "self": false,
            "source_security_group_id": "sg-05fcc68de294d3688",
            "timeouts": null,
            "to_port": 65535,
            "type": "ingress"
          },
          "sensitive_attributes": [],
          "private": "eyJlMmJmYjczMC1lY2FhLTExZTYtOGY4OC0zNDM2M2JjN2M0YzAiOnsiY3JlYXRlIjozMDAwMDAwMDAwMDB9LCJzY2hlbWFfdmVyc2lvbiI6IjIifQ==",
          "dependencies": [
            "module.kubernetes.aws_security_group.eks_cluster",
            "module.kubernetes.aws_security_group.eks_nodes",
            "module.networking.aws_vpc.this"
          ]
        }
      ]
    },
    {
      "module": "module.networking",
      "mode": "data",
      "type": "aws_availability_zones",
      "name": "available",
      "provider": "module.networking.provider[\"registry.terraform.io/hashicorp/aws\"]",
      "instances": [
        {
          "schema_version": 0,
          "attributes": {
            "all_availability_zones": null,
            "exclude_names": null,
            "exclude_zone_ids": null,
            "filter": null,
            "group_names": [
              "us-east-1"
            ],
            "id": "us-east-1",
            "names": [
              "us-east-1a",
              "us-east-1b",
              "us-east-1c",
              "us-east-1d",
              "us-east-1e",
              "us-east-1f"
            ],
            "state": null,
            "timeouts": null,
            "zone_ids": [
              "use1-az1",
              "use1-az2",
              "use1-az4",
              "use1-az6",
              "use1-az3",
              "use1-az5"
            ]
          },
          "sensitive_attributes": []
        }
      ]
    },
    {
      "module": "module.networking",
      "mode": "managed",
      "type": "aws_eip",
      "name": "nat",
      "provider": "module.networking.provider[\"registry.terraform.io/hashicorp/aws\"]",
      "instances": [
        {
          "index_key": 0,
          "schema_version": 0,
          "attributes": {
            "address": null,
            "allocation_id": "eipalloc-04f695dab77f17175",
            "arn": "arn:aws:ec2:us-east-1:871548798187:elastic-ip/eipalloc-04f695dab77f17175",
            "associate_with_private_ip": null,
            "association_id": "eipassoc-0cd9cb583b4eec1ef",
            "carrier_ip": "",
            "customer_owned_ip": "",
            "customer_owned_ipv4_pool": "",
            "domain": "vpc",
            "id": "eipalloc-04f695dab77f17175",
            "instance": "",
            "network_border_group": "us-east-1",
            "network_interface": "eni-09384691763052491",
            "private_dns": "ip-10-0-40-175.ec2.internal",
            "private_ip": "10.0.40.175",
            "ptr_record": "",
            "public_dns": "ec2-52-205-118-129.compute-1.amazonaws.com",
            "public_ip": "52.205.118.129",
            "public_ipv4_pool": "amazon",
            "tags": {
              "Deployment Type": "terraform",
              "Env": "dev",
              "Name": "travel-guide-eip",
              "Project Name": "travel guide",
              "Project Owner": "Cezary Trojanowski"
            },
            "tags_all": {
              "Deployment Type": "terraform",
              "Env": "dev",
              "Name": "travel-guide-eip",
              "Project Name": "travel guide",
              "Project Owner": "Cezary Trojanowski"
            },
            "timeouts": null,
            "vpc": true
          },
          "sensitive_attributes": [],
          "private": "eyJlMmJmYjczMC1lY2FhLTExZTYtOGY4OC0zNDM2M2JjN2M0YzAiOnsiZGVsZXRlIjoxODAwMDAwMDAwMDAsInJlYWQiOjkwMDAwMDAwMDAwMCwidXBkYXRlIjozMDAwMDAwMDAwMDB9fQ=="
        }
      ]
    },
    {
      "module": "module.networking",
      "mode": "managed",
      "type": "aws_internet_gateway",
      "name": "this",
      "provider": "module.networking.provider[\"registry.terraform.io/hashicorp/aws\"]",
      "instances": [
        {
          "index_key": 0,
          "schema_version": 0,
          "attributes": {
            "arn": "arn:aws:ec2:us-east-1:871548798187:internet-gateway/igw-06a60b3bf44569809",
            "id": "igw-06a60b3bf44569809",
            "owner_id": "871548798187",
            "tags": {
              "Deployment Type": "terraform",
              "Env": "dev",
              "Name": "travel-guide-igw",
              "Project Name": "travel guide",
              "Project Owner": "Cezary Trojanowski"
            },
            "tags_all": {
              "Deployment Type": "terraform",
              "Env": "dev",
              "Name": "travel-guide-igw",
              "Project Name": "travel guide",
              "Project Owner": "Cezary Trojanowski"
            },
            "timeouts": null,
            "vpc_id": "vpc-052fff5dfc9344e6e"
          },
          "sensitive_attributes": [],
          "private": "eyJlMmJmYjczMC1lY2FhLTExZTYtOGY4OC0zNDM2M2JjN2M0YzAiOnsiY3JlYXRlIjoxMjAwMDAwMDAwMDAwLCJkZWxldGUiOjEyMDAwMDAwMDAwMDAsInVwZGF0ZSI6MTIwMDAwMDAwMDAwMH19",
          "dependencies": [
            "module.networking.aws_vpc.this"
          ]
        }
      ]
    },
    {
      "module": "module.networking",
      "mode": "managed",
      "type": "aws_nat_gateway",
      "name": "this",
      "provider": "module.networking.provider[\"registry.terraform.io/hashicorp/aws\"]",
      "instances": [
        {
          "index_key": 0,
          "schema_version": 0,
          "attributes": {
            "allocation_id": "eipalloc-04f695dab77f17175",
            "association_id": "eipassoc-0cd9cb583b4eec1ef",
            "connectivity_type": "public",
            "id": "nat-01e0f97ae5436cbf4",
            "network_interface_id": "eni-09384691763052491",
            "private_ip": "10.0.40.175",
            "public_ip": "52.205.118.129",
            "secondary_allocation_ids": [],
            "secondary_private_ip_address_count": 0,
            "secondary_private_ip_addresses": [],
            "subnet_id": "subnet-0f3fcc9b9773d7796",
            "tags": {
              "Deployment Type": "terraform",
              "Env": "dev",
              "Name": "travel-guide-natgw",
              "Project Name": "travel guide",
              "Project Owner": "Cezary Trojanowski"
            },
            "tags_all": {
              "Deployment Type": "terraform",
              "Env": "dev",
              "Name": "travel-guide-natgw",
              "Project Name": "travel guide",
              "Project Owner": "Cezary Trojanowski"
            },
            "timeouts": null
          },
          "sensitive_attributes": [],
          "private": "eyJlMmJmYjczMC1lY2FhLTExZTYtOGY4OC0zNDM2M2JjN2M0YzAiOnsiY3JlYXRlIjo2MDAwMDAwMDAwMDAsImRlbGV0ZSI6MTgwMDAwMDAwMDAwMCwidXBkYXRlIjo2MDAwMDAwMDAwMDB9fQ==",
          "dependencies": [
            "module.networking.aws_eip.nat",
            "module.networking.aws_internet_gateway.this",
            "module.networking.aws_subnet.public",
            "module.networking.aws_vpc.this",
            "module.networking.data.aws_availability_zones.available"
          ]
        }
      ]
    },
    {
      "module": "module.networking",
      "mode": "managed",
      "type": "aws_route",
      "name": "nat_gateway",
      "provider": "module.networking.provider[\"registry.terraform.io/hashicorp/aws\"]",
      "instances": [
        {
          "schema_version": 0,
          "attributes": {
            "carrier_gateway_id": "",
            "core_network_arn": "",
            "destination_cidr_block": "0.0.0.0/0",
            "destination_ipv6_cidr_block": "",
            "destination_prefix_list_id": "",
            "egress_only_gateway_id": "",
            "gateway_id": "",
            "id": "r-rtb-03fc338890ed455da1080289494",
            "instance_id": "",
            "instance_owner_id": "",
            "local_gateway_id": "",
            "nat_gateway_id": "nat-01e0f97ae5436cbf4",
            "network_interface_id": "",
            "origin": "CreateRoute",
            "route_table_id": "rtb-03fc338890ed455da",
            "state": "active",
            "timeouts": {
              "create": "5m",
              "delete": null,
              "update": null
            },
            "transit_gateway_id": "",
            "vpc_endpoint_id": "",
            "vpc_peering_connection_id": ""
          },
          "sensitive_attributes": [],
          "private": "eyJlMmJmYjczMC1lY2FhLTExZTYtOGY4OC0zNDM2M2JjN2M0YzAiOnsiY3JlYXRlIjozMDAwMDAwMDAwMDAsImRlbGV0ZSI6MzAwMDAwMDAwMDAwLCJ1cGRhdGUiOjEyMDAwMDAwMDAwMH19",
          "dependencies": [
            "module.networking.aws_eip.nat",
            "module.networking.aws_internet_gateway.this",
            "module.networking.aws_nat_gateway.this",
            "module.networking.aws_route_table.private",
            "module.networking.aws_subnet.public",
            "module.networking.aws_vpc.this",
            "module.networking.data.aws_availability_zones.available"
          ]
        }
      ]
    },
    {
      "module": "module.networking",
      "mode": "managed",
      "type": "aws_route",
      "name": "public_internet_gateway",
      "provider": "module.networking.provider[\"registry.terraform.io/hashicorp/aws\"]",
      "instances": [
        {
          "index_key": 0,
          "schema_version": 0,
          "attributes": {
            "carrier_gateway_id": "",
            "core_network_arn": "",
            "destination_cidr_block": "0.0.0.0/0",
            "destination_ipv6_cidr_block": "",
            "destination_prefix_list_id": "",
            "egress_only_gateway_id": "",
            "gateway_id": "igw-06a60b3bf44569809",
            "id": "r-rtb-01974ae7ee9a822451080289494",
            "instance_id": "",
            "instance_owner_id": "",
            "local_gateway_id": "",
            "nat_gateway_id": "",
            "network_interface_id": "",
            "origin": "CreateRoute",
            "route_table_id": "rtb-01974ae7ee9a82245",
            "state": "active",
            "timeouts": {
              "create": "5m",
              "delete": null,
              "update": null
            },
            "transit_gateway_id": "",
            "vpc_endpoint_id": "",
            "vpc_peering_connection_id": ""
          },
          "sensitive_attributes": [],
          "private": "eyJlMmJmYjczMC1lY2FhLTExZTYtOGY4OC0zNDM2M2JjN2M0YzAiOnsiY3JlYXRlIjozMDAwMDAwMDAwMDAsImRlbGV0ZSI6MzAwMDAwMDAwMDAwLCJ1cGRhdGUiOjEyMDAwMDAwMDAwMH19",
          "dependencies": [
            "module.networking.aws_internet_gateway.this",
            "module.networking.aws_route_table.public",
            "module.networking.aws_vpc.this"
          ]
        }
      ]
    },
    {
      "module": "module.networking",
      "mode": "managed",
      "type": "aws_route_table",
      "name": "private",
      "provider": "module.networking.provider[\"registry.terraform.io/hashicorp/aws\"]",
      "instances": [
        {
          "schema_version": 0,
          "attributes": {
            "arn": "arn:aws:ec2:us-east-1:871548798187:route-table/rtb-03fc338890ed455da",
            "id": "rtb-03fc338890ed455da",
            "owner_id": "871548798187",
            "propagating_vgws": [],
            "route": [
              {
                "carrier_gateway_id": "",
                "cidr_block": "0.0.0.0/0",
                "core_network_arn": "",
                "destination_prefix_list_id": "",
                "egress_only_gateway_id": "",
                "gateway_id": "",
                "ipv6_cidr_block": "",
                "local_gateway_id": "",
                "nat_gateway_id": "nat-01e0f97ae5436cbf4",
                "network_interface_id": "",
                "transit_gateway_id": "",
                "vpc_endpoint_id": "",
                "vpc_peering_connection_id": ""
              }
            ],
            "tags": {
              "Deployment Type": "terraform",
              "Env": "dev",
              "Name": "travel-guide-private-rt",
              "Project Name": "travel guide",
              "Project Owner": "Cezary Trojanowski"
            },
            "tags_all": {
              "Deployment Type": "terraform",
              "Env": "dev",
              "Name": "travel-guide-private-rt",
              "Project Name": "travel guide",
              "Project Owner": "Cezary Trojanowski"
            },
            "timeouts": null,
            "vpc_id": "vpc-052fff5dfc9344e6e"
          },
          "sensitive_attributes": [],
          "private": "eyJlMmJmYjczMC1lY2FhLTExZTYtOGY4OC0zNDM2M2JjN2M0YzAiOnsiY3JlYXRlIjozMDAwMDAwMDAwMDAsImRlbGV0ZSI6MzAwMDAwMDAwMDAwLCJ1cGRhdGUiOjEyMDAwMDAwMDAwMH19",
          "dependencies": [
            "module.networking.aws_vpc.this"
          ]
        }
      ]
    },
    {
      "module": "module.networking",
      "mode": "managed",
      "type": "aws_route_table",
      "name": "public",
      "provider": "module.networking.provider[\"registry.terraform.io/hashicorp/aws\"]",
      "instances": [
        {
          "index_key": 0,
          "schema_version": 0,
          "attributes": {
            "arn": "arn:aws:ec2:us-east-1:871548798187:route-table/rtb-01974ae7ee9a82245",
            "id": "rtb-01974ae7ee9a82245",
            "owner_id": "871548798187",
            "propagating_vgws": [],
            "route": [
              {
                "carrier_gateway_id": "",
                "cidr_block": "0.0.0.0/0",
                "core_network_arn": "",
                "destination_prefix_list_id": "",
                "egress_only_gateway_id": "",
                "gateway_id": "igw-06a60b3bf44569809",
                "ipv6_cidr_block": "",
                "local_gateway_id": "",
                "nat_gateway_id": "",
                "network_interface_id": "",
                "transit_gateway_id": "",
                "vpc_endpoint_id": "",
                "vpc_peering_connection_id": ""
              }
            ],
            "tags": {
              "Deployment Type": "terraform",
              "Env": "dev",
              "Name": "travel-guide-public-rt",
              "Project Name": "travel guide",
              "Project Owner": "Cezary Trojanowski"
            },
            "tags_all": {
              "Deployment Type": "terraform",
              "Env": "dev",
              "Name": "travel-guide-public-rt",
              "Project Name": "travel guide",
              "Project Owner": "Cezary Trojanowski"
            },
            "timeouts": null,
            "vpc_id": "vpc-052fff5dfc9344e6e"
          },
          "sensitive_attributes": [],
          "private": "eyJlMmJmYjczMC1lY2FhLTExZTYtOGY4OC0zNDM2M2JjN2M0YzAiOnsiY3JlYXRlIjozMDAwMDAwMDAwMDAsImRlbGV0ZSI6MzAwMDAwMDAwMDAwLCJ1cGRhdGUiOjEyMDAwMDAwMDAwMH19",
          "dependencies": [
            "module.networking.aws_vpc.this"
          ]
        }
      ]
    },
    {
      "module": "module.networking",
      "mode": "managed",
      "type": "aws_route_table_association",
      "name": "private",
      "provider": "module.networking.provider[\"registry.terraform.io/hashicorp/aws\"]",
      "instances": [
        {
          "index_key": 0,
          "schema_version": 0,
          "attributes": {
            "gateway_id": "",
            "id": "rtbassoc-0d14193890bf4c903",
            "route_table_id": "rtb-03fc338890ed455da",
            "subnet_id": "subnet-045eaea25a5cbccce",
            "timeouts": null
          },
          "sensitive_attributes": [],
          "private": "eyJlMmJmYjczMC1lY2FhLTExZTYtOGY4OC0zNDM2M2JjN2M0YzAiOnsiY3JlYXRlIjozMDAwMDAwMDAwMDAsImRlbGV0ZSI6MzAwMDAwMDAwMDAwLCJ1cGRhdGUiOjEyMDAwMDAwMDAwMH19",
          "dependencies": [
            "module.networking.aws_route_table.private",
            "module.networking.aws_subnet.private",
            "module.networking.aws_vpc.this",
            "module.networking.data.aws_availability_zones.available"
          ]
        },
        {
          "index_key": 1,
          "schema_version": 0,
          "attributes": {
            "gateway_id": "",
            "id": "rtbassoc-0da307b9cf6173265",
            "route_table_id": "rtb-03fc338890ed455da",
            "subnet_id": "subnet-021e864a1ea045eab",
            "timeouts": null
          },
          "sensitive_attributes": [],
          "private": "eyJlMmJmYjczMC1lY2FhLTExZTYtOGY4OC0zNDM2M2JjN2M0YzAiOnsiY3JlYXRlIjozMDAwMDAwMDAwMDAsImRlbGV0ZSI6MzAwMDAwMDAwMDAwLCJ1cGRhdGUiOjEyMDAwMDAwMDAwMH19",
          "dependencies": [
            "module.networking.aws_route_table.private",
            "module.networking.aws_subnet.private",
            "module.networking.aws_vpc.this",
            "module.networking.data.aws_availability_zones.available"
          ]
        }
      ]
    },
    {
      "module": "module.networking",
      "mode": "managed",
      "type": "aws_route_table_association",
      "name": "public",
      "provider": "module.networking.provider[\"registry.terraform.io/hashicorp/aws\"]",
      "instances": [
        {
          "index_key": 0,
          "schema_version": 0,
          "attributes": {
            "gateway_id": "",
            "id": "rtbassoc-068ebfb7c58ecda08",
            "route_table_id": "rtb-01974ae7ee9a82245",
            "subnet_id": "subnet-0f3fcc9b9773d7796",
            "timeouts": null
          },
          "sensitive_attributes": [],
          "private": "eyJlMmJmYjczMC1lY2FhLTExZTYtOGY4OC0zNDM2M2JjN2M0YzAiOnsiY3JlYXRlIjozMDAwMDAwMDAwMDAsImRlbGV0ZSI6MzAwMDAwMDAwMDAwLCJ1cGRhdGUiOjEyMDAwMDAwMDAwMH19",
          "dependencies": [
            "module.networking.aws_route_table.public",
            "module.networking.aws_subnet.public",
            "module.networking.aws_vpc.this",
            "module.networking.data.aws_availability_zones.available"
          ]
        },
        {
          "index_key": 1,
          "schema_version": 0,
          "attributes": {
            "gateway_id": "",
            "id": "rtbassoc-09371d7dfabe4cf61",
            "route_table_id": "rtb-01974ae7ee9a82245",
            "subnet_id": "subnet-07c18760caef9027c",
            "timeouts": null
          },
          "sensitive_attributes": [],
          "private": "eyJlMmJmYjczMC1lY2FhLTExZTYtOGY4OC0zNDM2M2JjN2M0YzAiOnsiY3JlYXRlIjozMDAwMDAwMDAwMDAsImRlbGV0ZSI6MzAwMDAwMDAwMDAwLCJ1cGRhdGUiOjEyMDAwMDAwMDAwMH19",
          "dependencies": [
            "module.networking.aws_route_table.public",
            "module.networking.aws_subnet.public",
            "module.networking.aws_vpc.this",
            "module.networking.data.aws_availability_zones.available"
          ]
        }
      ]
    },
    {
      "module": "module.networking",
      "mode": "managed",
      "type": "aws_security_group",
      "name": "control_plane_sg",
      "provider": "module.networking.provider[\"registry.terraform.io/hashicorp/aws\"]",
      "instances": [
        {
          "schema_version": 1,
          "attributes": {
            "arn": "arn:aws:ec2:us-east-1:871548798187:security-group/sg-01f465183edd0c83b",
            "description": "Managed by Terraform",
            "egress": [
              {
                "cidr_blocks": [
                  "0.0.0.0/0"
                ],
                "description": "",
                "from_port": 0,
                "ipv6_cidr_blocks": [],
                "prefix_list_ids": [],
                "protocol": "-1",
                "security_groups": [],
                "self": false,
                "to_port": 0
              }
            ],
            "id": "sg-01f465183edd0c83b",
            "ingress": [
              {
                "cidr_blocks": [
                  "10.0.32.0/19",
                  "10.0.64.0/19",
                  "10.0.96.0/19",
                  "10.0.128.0/19"
                ],
                "description": "",
                "from_port": 0,
                "ipv6_cidr_blocks": [],
                "prefix_list_ids": [],
                "protocol": "tcp",
                "security_groups": [],
                "self": false,
                "to_port": 65535
              }
            ],
            "name": "k8s-control-plane-sg",
            "name_prefix": "",
            "owner_id": "871548798187",
            "revoke_rules_on_delete": false,
            "tags": {
              "Deployment Type": "terraform",
              "Env": "dev",
              "Name": "travel-guide-control-plane-sg",
              "Project Name": "travel guide",
              "Project Owner": "Cezary Trojanowski"
            },
            "tags_all": {
              "Deployment Type": "terraform",
              "Env": "dev",
              "Name": "travel-guide-control-plane-sg",
              "Project Name": "travel guide",
              "Project Owner": "Cezary Trojanowski"
            },
            "timeouts": null,
            "vpc_id": "vpc-052fff5dfc9344e6e"
          },
          "sensitive_attributes": [],
          "private": "eyJlMmJmYjczMC1lY2FhLTExZTYtOGY4OC0zNDM2M2JjN2M0YzAiOnsiY3JlYXRlIjo2MDAwMDAwMDAwMDAsImRlbGV0ZSI6OTAwMDAwMDAwMDAwfSwic2NoZW1hX3ZlcnNpb24iOiIxIn0=",
          "dependencies": [
            "module.networking.aws_vpc.this"
          ]
        }
      ]
    },
    {
      "module": "module.networking",
      "mode": "managed",
      "type": "aws_security_group",
      "name": "data_plane_sg",
      "provider": "module.networking.provider[\"registry.terraform.io/hashicorp/aws\"]",
      "instances": [
        {
          "schema_version": 1,
          "attributes": {
            "arn": "arn:aws:ec2:us-east-1:871548798187:security-group/sg-04eb9457bb63244cf",
            "description": "Managed by Terraform",
            "egress": [
              {
                "cidr_blocks": [
                  "0.0.0.0/0"
                ],
                "description": "",
                "from_port": 0,
                "ipv6_cidr_blocks": [],
                "prefix_list_ids": [],
                "protocol": "-1",
                "security_groups": [],
                "self": false,
                "to_port": 0
              }
            ],
            "id": "sg-04eb9457bb63244cf",
            "ingress": [
              {
                "cidr_blocks": [
                  "10.0.32.0/19",
                  "10.0.64.0/19",
                  "10.0.96.0/19",
                  "10.0.128.0/19"
                ],
                "description": "Allow nodes to communicate with each other",
                "from_port": 0,
                "ipv6_cidr_blocks": [],
                "prefix_list_ids": [],
                "protocol": "-1",
                "security_groups": [],
                "self": false,
                "to_port": 0
              },
              {
                "cidr_blocks": [
                  "10.0.96.0/19",
                  "10.0.128.0/19"
                ],
                "description": "Allow worker Kubelets and pods to receive communication from the cluster control plane",
                "from_port": 1025,
                "ipv6_cidr_blocks": [],
                "prefix_list_ids": [],
                "protocol": "tcp",
                "security_groups": [],
                "self": false,
                "to_port": 65535
              }
            ],
            "name": "k8s-data-plane-sg",
            "name_prefix": "",
            "owner_id": "871548798187",
            "revoke_rules_on_delete": false,
            "tags": {
              "Deployment Type": "terraform",
              "Env": "dev",
              "Name": "travel-guide-data-plane-sg",
              "Project Name": "travel guide",
              "Project Owner": "Cezary Trojanowski"
            },
            "tags_all": {
              "Deployment Type": "terraform",
              "Env": "dev",
              "Name": "travel-guide-data-plane-sg",
              "Project Name": "travel guide",
              "Project Owner": "Cezary Trojanowski"
            },
            "timeouts": null,
            "vpc_id": "vpc-052fff5dfc9344e6e"
          },
          "sensitive_attributes": [],
          "private": "eyJlMmJmYjczMC1lY2FhLTExZTYtOGY4OC0zNDM2M2JjN2M0YzAiOnsiY3JlYXRlIjo2MDAwMDAwMDAwMDAsImRlbGV0ZSI6OTAwMDAwMDAwMDAwfSwic2NoZW1hX3ZlcnNpb24iOiIxIn0=",
          "dependencies": [
            "module.networking.aws_vpc.this"
          ]
        }
      ]
    },
    {
      "module": "module.networking",
      "mode": "managed",
      "type": "aws_security_group",
      "name": "public_sg",
      "provider": "module.networking.provider[\"registry.terraform.io/hashicorp/aws\"]",
      "instances": [
        {
          "schema_version": 1,
          "attributes": {
            "arn": "arn:aws:ec2:us-east-1:871548798187:security-group/sg-033c8bca558bf2e26",
            "description": "Managed by Terraform",
            "egress": [
              {
                "cidr_blocks": [
                  "0.0.0.0/0"
                ],
                "description": "",
                "from_port": 0,
                "ipv6_cidr_blocks": [],
                "prefix_list_ids": [],
                "protocol": "-1",
                "security_groups": [],
                "self": false,
                "to_port": 0
              }
            ],
            "id": "sg-033c8bca558bf2e26",
            "ingress": [
              {
                "cidr_blocks": [
                  "0.0.0.0/0"
                ],
                "description": "",
                "from_port": 443,
                "ipv6_cidr_blocks": [],
                "prefix_list_ids": [],
                "protocol": "tcp",
                "security_groups": [],
                "self": false,
                "to_port": 443
              },
              {
                "cidr_blocks": [
                  "0.0.0.0/0"
                ],
                "description": "",
                "from_port": 80,
                "ipv6_cidr_blocks": [],
                "prefix_list_ids": [],
                "protocol": "tcp",
                "security_groups": [],
                "self": false,
                "to_port": 80
              }
            ],
            "name": "public-sg",
            "name_prefix": "",
            "owner_id": "871548798187",
            "revoke_rules_on_delete": false,
            "tags": {
              "Deployment Type": "terraform",
              "Env": "dev",
              "Name": "travel-guide-public-sg",
              "Project Name": "travel guide",
              "Project Owner": "Cezary Trojanowski"
            },
            "tags_all": {
              "Deployment Type": "terraform",
              "Env": "dev",
              "Name": "travel-guide-public-sg",
              "Project Name": "travel guide",
              "Project Owner": "Cezary Trojanowski"
            },
            "timeouts": null,
            "vpc_id": "vpc-052fff5dfc9344e6e"
          },
          "sensitive_attributes": [],
          "private": "eyJlMmJmYjczMC1lY2FhLTExZTYtOGY4OC0zNDM2M2JjN2M0YzAiOnsiY3JlYXRlIjo2MDAwMDAwMDAwMDAsImRlbGV0ZSI6OTAwMDAwMDAwMDAwfSwic2NoZW1hX3ZlcnNpb24iOiIxIn0=",
          "dependencies": [
            "module.networking.aws_vpc.this"
          ]
        }
      ]
    },
    {
      "module": "module.networking",
      "mode": "managed",
      "type": "aws_security_group_rule",
      "name": "control_plane_inbound",
      "provider": "module.networking.provider[\"registry.terraform.io/hashicorp/aws\"]",
      "instances": [
        {
          "schema_version": 2,
          "attributes": {
            "cidr_blocks": [
              "10.0.32.0/19",
              "10.0.64.0/19",
              "10.0.96.0/19",
              "10.0.128.0/19"
            ],
            "description": null,
            "from_port": 0,
            "id": "sgrule-2382217680",
            "ipv6_cidr_blocks": null,
            "prefix_list_ids": null,
            "protocol": "tcp",
            "security_group_id": "sg-01f465183edd0c83b",
            "security_group_rule_id": "",
            "self": false,
            "source_security_group_id": null,
            "timeouts": null,
            "to_port": 65535,
            "type": "ingress"
          },
          "sensitive_attributes": [],
          "private": "eyJlMmJmYjczMC1lY2FhLTExZTYtOGY4OC0zNDM2M2JjN2M0YzAiOnsiY3JlYXRlIjozMDAwMDAwMDAwMDB9LCJzY2hlbWFfdmVyc2lvbiI6IjIifQ==",
          "dependencies": [
            "module.networking.aws_security_group.control_plane_sg",
            "module.networking.aws_vpc.this"
          ]
        }
      ]
    },
    {
      "module": "module.networking",
      "mode": "managed",
      "type": "aws_security_group_rule",
      "name": "control_plane_outbound",
      "provider": "module.networking.provider[\"registry.terraform.io/hashicorp/aws\"]",
      "instances": [
        {
          "schema_version": 2,
          "attributes": {
            "cidr_blocks": [
              "0.0.0.0/0"
            ],
            "description": null,
            "from_port": 0,
            "id": "sgrule-2641182175",
            "ipv6_cidr_blocks": null,
            "prefix_list_ids": null,
            "protocol": "-1",
            "security_group_id": "sg-01f465183edd0c83b",
            "security_group_rule_id": "sgr-00a34530c68b537f0",
            "self": false,
            "source_security_group_id": null,
            "timeouts": null,
            "to_port": 0,
            "type": "egress"
          },
          "sensitive_attributes": [],
          "private": "eyJlMmJmYjczMC1lY2FhLTExZTYtOGY4OC0zNDM2M2JjN2M0YzAiOnsiY3JlYXRlIjozMDAwMDAwMDAwMDB9LCJzY2hlbWFfdmVyc2lvbiI6IjIifQ==",
          "dependencies": [
            "module.networking.aws_security_group.control_plane_sg",
            "module.networking.aws_vpc.this"
          ]
        }
      ]
    },
    {
      "module": "module.networking",
      "mode": "managed",
      "type": "aws_security_group_rule",
      "name": "node_outbound",
      "provider": "module.networking.provider[\"registry.terraform.io/hashicorp/aws\"]",
      "instances": [
        {
          "schema_version": 2,
          "attributes": {
            "cidr_blocks": [
              "0.0.0.0/0"
            ],
            "description": null,
            "from_port": 0,
            "id": "sgrule-1322774430",
            "ipv6_cidr_blocks": null,
            "prefix_list_ids": null,
            "protocol": "-1",
            "security_group_id": "sg-04eb9457bb63244cf",
            "security_group_rule_id": "sgr-0bfec4106a73201c7",
            "self": false,
            "source_security_group_id": null,
            "timeouts": null,
            "to_port": 0,
            "type": "egress"
          },
          "sensitive_attributes": [],
          "private": "eyJlMmJmYjczMC1lY2FhLTExZTYtOGY4OC0zNDM2M2JjN2M0YzAiOnsiY3JlYXRlIjozMDAwMDAwMDAwMDB9LCJzY2hlbWFfdmVyc2lvbiI6IjIifQ==",
          "dependencies": [
            "module.networking.aws_security_group.data_plane_sg",
            "module.networking.aws_vpc.this"
          ]
        }
      ]
    },
    {
      "module": "module.networking",
      "mode": "managed",
      "type": "aws_security_group_rule",
      "name": "nodes",
      "provider": "module.networking.provider[\"registry.terraform.io/hashicorp/aws\"]",
      "instances": [
        {
          "schema_version": 2,
          "attributes": {
            "cidr_blocks": [
              "10.0.32.0/19",
              "10.0.64.0/19",
              "10.0.96.0/19",
              "10.0.128.0/19"
            ],
            "description": "Allow nodes to communicate with each other",
            "from_port": 0,
            "id": "sgrule-1462559192",
            "ipv6_cidr_blocks": null,
            "prefix_list_ids": null,
            "protocol": "-1",
            "security_group_id": "sg-04eb9457bb63244cf",
            "security_group_rule_id": "",
            "self": false,
            "source_security_group_id": null,
            "timeouts": null,
            "to_port": 0,
            "type": "ingress"
          },
          "sensitive_attributes": [],
          "private": "eyJlMmJmYjczMC1lY2FhLTExZTYtOGY4OC0zNDM2M2JjN2M0YzAiOnsiY3JlYXRlIjozMDAwMDAwMDAwMDB9LCJzY2hlbWFfdmVyc2lvbiI6IjIifQ==",
          "dependencies": [
            "module.networking.aws_security_group.data_plane_sg",
            "module.networking.aws_vpc.this"
          ]
        }
      ]
    },
    {
      "module": "module.networking",
      "mode": "managed",
      "type": "aws_security_group_rule",
      "name": "nodes_inbound",
      "provider": "module.networking.provider[\"registry.terraform.io/hashicorp/aws\"]",
      "instances": [
        {
          "schema_version": 2,
          "attributes": {
            "cidr_blocks": [
              "10.0.96.0/19",
              "10.0.128.0/19"
            ],
            "description": "Allow worker Kubelets and pods to receive communication from the cluster control plane",
            "from_port": 1025,
            "id": "sgrule-1018085176",
            "ipv6_cidr_blocks": null,
            "prefix_list_ids": null,
            "protocol": "tcp",
            "security_group_id": "sg-04eb9457bb63244cf",
            "security_group_rule_id": "",
            "self": false,
            "source_security_group_id": null,
            "timeouts": null,
            "to_port": 65535,
            "type": "ingress"
          },
          "sensitive_attributes": [],
          "private": "eyJlMmJmYjczMC1lY2FhLTExZTYtOGY4OC0zNDM2M2JjN2M0YzAiOnsiY3JlYXRlIjozMDAwMDAwMDAwMDB9LCJzY2hlbWFfdmVyc2lvbiI6IjIifQ==",
          "dependencies": [
            "module.networking.aws_security_group.data_plane_sg",
            "module.networking.aws_vpc.this"
          ]
        }
      ]
    },
    {
      "module": "module.networking",
      "mode": "managed",
      "type": "aws_security_group_rule",
      "name": "sg_egress_public",
      "provider": "module.networking.provider[\"registry.terraform.io/hashicorp/aws\"]",
      "instances": [
        {
          "schema_version": 2,
          "attributes": {
            "cidr_blocks": [
              "0.0.0.0/0"
            ],
            "description": null,
            "from_port": 0,
            "id": "sgrule-2626660448",
            "ipv6_cidr_blocks": null,
            "prefix_list_ids": null,
            "protocol": "-1",
            "security_group_id": "sg-033c8bca558bf2e26",
            "security_group_rule_id": "sgr-0bf04a06dd38d8351",
            "self": false,
            "source_security_group_id": null,
            "timeouts": null,
            "to_port": 0,
            "type": "egress"
          },
          "sensitive_attributes": [],
          "private": "eyJlMmJmYjczMC1lY2FhLTExZTYtOGY4OC0zNDM2M2JjN2M0YzAiOnsiY3JlYXRlIjozMDAwMDAwMDAwMDB9LCJzY2hlbWFfdmVyc2lvbiI6IjIifQ==",
          "dependencies": [
            "module.networking.aws_security_group.public_sg",
            "module.networking.aws_vpc.this"
          ]
        }
      ]
    },
    {
      "module": "module.networking",
      "mode": "managed",
      "type": "aws_security_group_rule",
      "name": "sg_ingress_public_443",
      "provider": "module.networking.provider[\"registry.terraform.io/hashicorp/aws\"]",
      "instances": [
        {
          "schema_version": 2,
          "attributes": {
            "cidr_blocks": [
              "0.0.0.0/0"
            ],
            "description": null,
            "from_port": 443,
            "id": "sgrule-3351796794",
            "ipv6_cidr_blocks": null,
            "prefix_list_ids": null,
            "protocol": "tcp",
            "security_group_id": "sg-033c8bca558bf2e26",
            "security_group_rule_id": "sgr-0892133fef66d43f9",
            "self": false,
            "source_security_group_id": null,
            "timeouts": null,
            "to_port": 443,
            "type": "ingress"
          },
          "sensitive_attributes": [],
          "private": "eyJlMmJmYjczMC1lY2FhLTExZTYtOGY4OC0zNDM2M2JjN2M0YzAiOnsiY3JlYXRlIjozMDAwMDAwMDAwMDB9LCJzY2hlbWFfdmVyc2lvbiI6IjIifQ==",
          "dependencies": [
            "module.networking.aws_security_group.public_sg",
            "module.networking.aws_vpc.this"
          ]
        }
      ]
    },
    {
      "module": "module.networking",
      "mode": "managed",
      "type": "aws_security_group_rule",
      "name": "sg_ingress_public_80",
      "provider": "module.networking.provider[\"registry.terraform.io/hashicorp/aws\"]",
      "instances": [
        {
          "schema_version": 2,
          "attributes": {
            "cidr_blocks": [
              "0.0.0.0/0"
            ],
            "description": null,
            "from_port": 80,
            "id": "sgrule-2759595413",
            "ipv6_cidr_blocks": null,
            "prefix_list_ids": null,
            "protocol": "tcp",
            "security_group_id": "sg-033c8bca558bf2e26",
            "security_group_rule_id": "sgr-08d2ca19c1a87b282",
            "self": false,
            "source_security_group_id": null,
            "timeouts": null,
            "to_port": 80,
            "type": "ingress"
          },
          "sensitive_attributes": [],
          "private": "eyJlMmJmYjczMC1lY2FhLTExZTYtOGY4OC0zNDM2M2JjN2M0YzAiOnsiY3JlYXRlIjozMDAwMDAwMDAwMDB9LCJzY2hlbWFfdmVyc2lvbiI6IjIifQ==",
          "dependencies": [
            "module.networking.aws_security_group.public_sg",
            "module.networking.aws_vpc.this"
          ]
        }
      ]
    },
    {
      "module": "module.networking",
      "mode": "managed",
      "type": "aws_subnet",
      "name": "private",
      "provider": "module.networking.provider[\"registry.terraform.io/hashicorp/aws\"]",
      "instances": [
        {
          "index_key": 0,
          "schema_version": 1,
          "attributes": {
            "arn": "arn:aws:ec2:us-east-1:871548798187:subnet/subnet-045eaea25a5cbccce",
            "assign_ipv6_address_on_creation": false,
            "availability_zone": "us-east-1a",
            "availability_zone_id": "use1-az1",
            "cidr_block": "10.0.96.0/19",
            "customer_owned_ipv4_pool": "",
            "enable_dns64": false,
            "enable_lni_at_device_index": 0,
            "enable_resource_name_dns_a_record_on_launch": false,
            "enable_resource_name_dns_aaaa_record_on_launch": false,
            "id": "subnet-045eaea25a5cbccce",
            "ipv6_cidr_block": "",
            "ipv6_cidr_block_association_id": "",
            "ipv6_native": false,
            "map_customer_owned_ip_on_launch": false,
            "map_public_ip_on_launch": false,
            "outpost_arn": "",
            "owner_id": "871548798187",
            "private_dns_hostname_type_on_launch": "ip-name",
            "tags": {
              "Deployment Type": "terraform",
              "Env": "dev",
              "Name": "travel-guide-private-subnet-0",
              "Project Name": "travel guide",
              "Project Owner": "Cezary Trojanowski"
            },
            "tags_all": {
              "Deployment Type": "terraform",
              "Env": "dev",
              "Name": "travel-guide-private-subnet-0",
              "Project Name": "travel guide",
              "Project Owner": "Cezary Trojanowski"
            },
            "timeouts": null,
            "vpc_id": "vpc-052fff5dfc9344e6e"
          },
          "sensitive_attributes": [],
          "private": "eyJlMmJmYjczMC1lY2FhLTExZTYtOGY4OC0zNDM2M2JjN2M0YzAiOnsiY3JlYXRlIjo2MDAwMDAwMDAwMDAsImRlbGV0ZSI6MTIwMDAwMDAwMDAwMH0sInNjaGVtYV92ZXJzaW9uIjoiMSJ9",
          "dependencies": [
            "module.networking.aws_vpc.this",
            "module.networking.data.aws_availability_zones.available"
          ]
        },
        {
          "index_key": 1,
          "schema_version": 1,
          "attributes": {
            "arn": "arn:aws:ec2:us-east-1:871548798187:subnet/subnet-021e864a1ea045eab",
            "assign_ipv6_address_on_creation": false,
            "availability_zone": "us-east-1b",
            "availability_zone_id": "use1-az2",
            "cidr_block": "10.0.128.0/19",
            "customer_owned_ipv4_pool": "",
            "enable_dns64": false,
            "enable_lni_at_device_index": 0,
            "enable_resource_name_dns_a_record_on_launch": false,
            "enable_resource_name_dns_aaaa_record_on_launch": false,
            "id": "subnet-021e864a1ea045eab",
            "ipv6_cidr_block": "",
            "ipv6_cidr_block_association_id": "",
            "ipv6_native": false,
            "map_customer_owned_ip_on_launch": false,
            "map_public_ip_on_launch": false,
            "outpost_arn": "",
            "owner_id": "871548798187",
            "private_dns_hostname_type_on_launch": "ip-name",
            "tags": {
              "Deployment Type": "terraform",
              "Env": "dev",
              "Name": "travel-guide-private-subnet-1",
              "Project Name": "travel guide",
              "Project Owner": "Cezary Trojanowski"
            },
            "tags_all": {
              "Deployment Type": "terraform",
              "Env": "dev",
              "Name": "travel-guide-private-subnet-1",
              "Project Name": "travel guide",
              "Project Owner": "Cezary Trojanowski"
            },
            "timeouts": null,
            "vpc_id": "vpc-052fff5dfc9344e6e"
          },
          "sensitive_attributes": [],
          "private": "eyJlMmJmYjczMC1lY2FhLTExZTYtOGY4OC0zNDM2M2JjN2M0YzAiOnsiY3JlYXRlIjo2MDAwMDAwMDAwMDAsImRlbGV0ZSI6MTIwMDAwMDAwMDAwMH0sInNjaGVtYV92ZXJzaW9uIjoiMSJ9",
          "dependencies": [
            "module.networking.aws_vpc.this",
            "module.networking.data.aws_availability_zones.available"
          ]
        }
      ]
    },
    {
      "module": "module.networking",
      "mode": "managed",
      "type": "aws_subnet",
      "name": "public",
      "provider": "module.networking.provider[\"registry.terraform.io/hashicorp/aws\"]",
      "instances": [
        {
          "index_key": 0,
          "schema_version": 1,
          "attributes": {
            "arn": "arn:aws:ec2:us-east-1:871548798187:subnet/subnet-0f3fcc9b9773d7796",
            "assign_ipv6_address_on_creation": false,
            "availability_zone": "us-east-1a",
            "availability_zone_id": "use1-az1",
            "cidr_block": "10.0.32.0/19",
            "customer_owned_ipv4_pool": "",
            "enable_dns64": false,
            "enable_lni_at_device_index": 0,
            "enable_resource_name_dns_a_record_on_launch": false,
            "enable_resource_name_dns_aaaa_record_on_launch": false,
            "id": "subnet-0f3fcc9b9773d7796",
            "ipv6_cidr_block": "",
            "ipv6_cidr_block_association_id": "",
            "ipv6_native": false,
            "map_customer_owned_ip_on_launch": false,
            "map_public_ip_on_launch": true,
            "outpost_arn": "",
            "owner_id": "871548798187",
            "private_dns_hostname_type_on_launch": "ip-name",
            "tags": {
              "Deployment Type": "terraform",
              "Env": "dev",
              "Name": "travel-guide-public-subnet-0",
              "Project Name": "travel guide",
              "Project Owner": "Cezary Trojanowski"
            },
            "tags_all": {
              "Deployment Type": "terraform",
              "Env": "dev",
              "Name": "travel-guide-public-subnet-0",
              "Project Name": "travel guide",
              "Project Owner": "Cezary Trojanowski"
            },
            "timeouts": null,
            "vpc_id": "vpc-052fff5dfc9344e6e"
          },
          "sensitive_attributes": [],
          "private": "eyJlMmJmYjczMC1lY2FhLTExZTYtOGY4OC0zNDM2M2JjN2M0YzAiOnsiY3JlYXRlIjo2MDAwMDAwMDAwMDAsImRlbGV0ZSI6MTIwMDAwMDAwMDAwMH0sInNjaGVtYV92ZXJzaW9uIjoiMSJ9",
          "dependencies": [
            "module.networking.aws_vpc.this",
            "module.networking.data.aws_availability_zones.available"
          ]
        },
        {
          "index_key": 1,
          "schema_version": 1,
          "attributes": {
            "arn": "arn:aws:ec2:us-east-1:871548798187:subnet/subnet-07c18760caef9027c",
            "assign_ipv6_address_on_creation": false,
            "availability_zone": "us-east-1b",
            "availability_zone_id": "use1-az2",
            "cidr_block": "10.0.64.0/19",
            "customer_owned_ipv4_pool": "",
            "enable_dns64": false,
            "enable_lni_at_device_index": 0,
            "enable_resource_name_dns_a_record_on_launch": false,
            "enable_resource_name_dns_aaaa_record_on_launch": false,
            "id": "subnet-07c18760caef9027c",
            "ipv6_cidr_block": "",
            "ipv6_cidr_block_association_id": "",
            "ipv6_native": false,
            "map_customer_owned_ip_on_launch": false,
            "map_public_ip_on_launch": true,
            "outpost_arn": "",
            "owner_id": "871548798187",
            "private_dns_hostname_type_on_launch": "ip-name",
            "tags": {
              "Deployment Type": "terraform",
              "Env": "dev",
              "Name": "travel-guide-public-subnet-1",
              "Project Name": "travel guide",
              "Project Owner": "Cezary Trojanowski"
            },
            "tags_all": {
              "Deployment Type": "terraform",
              "Env": "dev",
              "Name": "travel-guide-public-subnet-1",
              "Project Name": "travel guide",
              "Project Owner": "Cezary Trojanowski"
            },
            "timeouts": null,
            "vpc_id": "vpc-052fff5dfc9344e6e"
          },
          "sensitive_attributes": [],
          "private": "eyJlMmJmYjczMC1lY2FhLTExZTYtOGY4OC0zNDM2M2JjN2M0YzAiOnsiY3JlYXRlIjo2MDAwMDAwMDAwMDAsImRlbGV0ZSI6MTIwMDAwMDAwMDAwMH0sInNjaGVtYV92ZXJzaW9uIjoiMSJ9",
          "dependencies": [
            "module.networking.aws_vpc.this",
            "module.networking.data.aws_availability_zones.available"
          ]
        }
      ]
    },
    {
      "module": "module.networking",
      "mode": "managed",
      "type": "aws_vpc",
      "name": "this",
      "provider": "module.networking.provider[\"registry.terraform.io/hashicorp/aws\"]",
      "instances": [
        {
          "schema_version": 1,
          "attributes": {
            "arn": "arn:aws:ec2:us-east-1:871548798187:vpc/vpc-052fff5dfc9344e6e",
            "assign_generated_ipv6_cidr_block": false,
            "cidr_block": "10.0.0.0/16",
            "default_network_acl_id": "acl-06f52428e84eaab44",
            "default_route_table_id": "rtb-099c54a51826e3f44",
            "default_security_group_id": "sg-0671a242db19cb32c",
            "dhcp_options_id": "dopt-0d011ba062141278a",
            "enable_dns_hostnames": true,
            "enable_dns_support": true,
            "enable_network_address_usage_metrics": false,
            "id": "vpc-052fff5dfc9344e6e",
            "instance_tenancy": "default",
            "ipv4_ipam_pool_id": null,
            "ipv4_netmask_length": null,
            "ipv6_association_id": "",
            "ipv6_cidr_block": "",
            "ipv6_cidr_block_network_border_group": "",
            "ipv6_ipam_pool_id": "",
            "ipv6_netmask_length": 0,
            "main_route_table_id": "rtb-099c54a51826e3f44",
            "owner_id": "871548798187",
            "tags": {
              "Deployment Type": "terraform",
              "Env": "dev",
              "Name": "travel-guide-vpc",
              "Project Name": "travel guide",
              "Project Owner": "Cezary Trojanowski"
            },
            "tags_all": {
              "Deployment Type": "terraform",
              "Env": "dev",
              "Name": "travel-guide-vpc",
              "Project Name": "travel guide",
              "Project Owner": "Cezary Trojanowski"
            }
          },
          "sensitive_attributes": [],
          "private": "eyJzY2hlbWFfdmVyc2lvbiI6IjEifQ=="
        }
      ]
    }
  ],
  "check_results": null
}
